
Microsoft Visual Studio Solution File, Format Version 12.00
# Visual Studio 15
VisualStudioVersion = 15.0.27130.2020
MinimumVisualStudioVersion = 10.0.40219.1
Project("{FAE04EC0-301F-11D3-BF4B-00C04F79EFBC}") = "patterns", "patterns.csproj", "{7FA40593-4416-4DA8-9AD1-118116A696C4}"
EndProject
Project("{FAE04EC0-301F-11D3-BF4B-00C04F79EFBC}") = "Servicies", "..\Servicies\Servicies.csproj", "{B34E04ED-8B7B-4CA4-A752-24AA4F514B1F}"
EndProject
Global
	GlobalSection(SolutionConfigurationPlatforms) = preSolution
		Debug|Any CPU = Debug|Any CPU
		Release|Any CPU = Release|Any CPU
	EndGlobalSection
	GlobalSection(ProjectConfigurationPlatforms) = postSolution
		{7FA40593-4416-4DA8-9AD1-118116A696C4}.Debug|Any CPU.ActiveCfg = Debug|Any CPU
		{7FA40593-4416-4DA8-9AD1-118116A696C4}.Debug|Any CPU.Build.0 = Debug|Any CPU
		{7FA40593-4416-4DA8-9AD1-118116A696C4}.Release|Any CPU.ActiveCfg = Release|Any CPU
		{7FA40593-4416-4DA8-9AD1-118116A696C4}.Release|Any CPU.Build.0 = Release|Any CPU
		{B34E04ED-8B7B-4CA4-A752-24AA4F514B1F}.Debug|Any CPU.ActiveCfg = Debug|Any CPU
		{B34E04ED-8B7B-4CA4-A752-24AA4F514B1F}.Debug|Any CPU.Build.0 = Debug|Any CPU
		{B34E04ED-8B7B-4CA4-A752-24AA4F514B1F}.Release|Any CPU.ActiveCfg = Release|Any CPU
		{B34E04ED-8B7B-4CA4-A752-24AA4F514B1F}.Release|Any CPU.Build.0 = Release|Any CPU
	EndGlobalSection
	GlobalSection(SolutionProperties) = preSolution
		HideSolutionNode = FALSE
	EndGlobalSection
	GlobalSection(ExtensibilityGlobals) = postSolution
		SolutionGuid = {9F01F529-A495-4989-A560-64AE7BDB78C5}
	EndGlobalSection
EndGlobal
