
Microsoft Visual Studio Solution File, Format Version 12.00
# Visual Studio 15
VisualStudioVersion = 15.0.27130.2024
MinimumVisualStudioVersion = 10.0.40219.1
Project("{FAE04EC0-301F-11D3-BF4B-00C04F79EFBC}") = "patterns", "patterns.csproj", "{7FA40593-4416-4DA8-9AD1-118116A696C4}"
EndProject
Project("{FAE04EC0-301F-11D3-BF4B-00C04F79EFBC}") = "process_viewer", "..\process_viewer\process_viewer.csproj", "{4C261E02-A5BF-4108-8DF4-82E73F94CA6C}"
EndProject
Global
	GlobalSection(SolutionConfigurationPlatforms) = preSolution
		Debug|Any CPU = Debug|Any CPU
		Release|Any CPU = Release|Any CPU
	EndGlobalSection
	GlobalSection(ProjectConfigurationPlatforms) = postSolution
		{7FA40593-4416-4DA8-9AD1-118116A696C4}.Debug|Any CPU.ActiveCfg = Debug|Any CPU
		{7FA40593-4416-4DA8-9AD1-118116A696C4}.Debug|Any CPU.Build.0 = Debug|Any CPU
		{7FA40593-4416-4DA8-9AD1-118116A696C4}.Release|Any CPU.ActiveCfg = Release|Any CPU
		{7FA40593-4416-4DA8-9AD1-118116A696C4}.Release|Any CPU.Build.0 = Release|Any CPU
		{4C261E02-A5BF-4108-8DF4-82E73F94CA6C}.Debug|Any CPU.ActiveCfg = Debug|Any CPU
		{4C261E02-A5BF-4108-8DF4-82E73F94CA6C}.Debug|Any CPU.Build.0 = Debug|Any CPU
		{4C261E02-A5BF-4108-8DF4-82E73F94CA6C}.Release|Any CPU.ActiveCfg = Release|Any CPU
		{4C261E02-A5BF-4108-8DF4-82E73F94CA6C}.Release|Any CPU.Build.0 = Release|Any CPU
	EndGlobalSection
	GlobalSection(SolutionProperties) = preSolution
		HideSolutionNode = FALSE
	EndGlobalSection
	GlobalSection(ExtensibilityGlobals) = postSolution
		SolutionGuid = {47368578-E518-4BED-84E2-3DFD470B4929}
	EndGlobalSection
EndGlobal
