
Microsoft Visual Studio Solution File, Format Version 12.00
# Visual Studio 15
VisualStudioVersion = 15.0.27130.2024
MinimumVisualStudioVersion = 10.0.40219.1
Project("{FAE04EC0-301F-11D3-BF4B-00C04F79EFBC}") = "Copy", "Copy.csproj", "{8F2BD6B6-6304-4324-A5BE-405F160297AD}"
EndProject
Global
	GlobalSection(SolutionConfigurationPlatforms) = preSolution
		Debug|Any CPU = Debug|Any CPU
		Release|Any CPU = Release|Any CPU
	EndGlobalSection
	GlobalSection(ProjectConfigurationPlatforms) = postSolution
		{8F2BD6B6-6304-4324-A5BE-405F160297AD}.Debug|Any CPU.ActiveCfg = Debug|Any CPU
		{8F2BD6B6-6304-4324-A5BE-405F160297AD}.Debug|Any CPU.Build.0 = Debug|Any CPU
		{8F2BD6B6-6304-4324-A5BE-405F160297AD}.Release|Any CPU.ActiveCfg = Release|Any CPU
		{8F2BD6B6-6304-4324-A5BE-405F160297AD}.Release|Any CPU.Build.0 = Release|Any CPU
	EndGlobalSection
	GlobalSection(SolutionProperties) = preSolution
		HideSolutionNode = FALSE
	EndGlobalSection
	GlobalSection(ExtensibilityGlobals) = postSolution
		SolutionGuid = {0428D8E3-3313-4176-8B45-3A8CB453BC0B}
	EndGlobalSection
EndGlobal
