
Microsoft Visual Studio Solution File, Format Version 12.00
# Visual Studio 15
VisualStudioVersion = 15.0.27130.2024
MinimumVisualStudioVersion = 10.0.40219.1
Project("{FAE04EC0-301F-11D3-BF4B-00C04F79EFBC}") = "Proxy", "Proxy.csproj", "{670B7881-575A-4DA3-A1B6-A59341C06C1B}"
EndProject
Global
	GlobalSection(SolutionConfigurationPlatforms) = preSolution
		Debug|Any CPU = Debug|Any CPU
		Release|Any CPU = Release|Any CPU
	EndGlobalSection
	GlobalSection(ProjectConfigurationPlatforms) = postSolution
		{670B7881-575A-4DA3-A1B6-A59341C06C1B}.Debug|Any CPU.ActiveCfg = Debug|Any CPU
		{670B7881-575A-4DA3-A1B6-A59341C06C1B}.Debug|Any CPU.Build.0 = Debug|Any CPU
		{670B7881-575A-4DA3-A1B6-A59341C06C1B}.Release|Any CPU.ActiveCfg = Release|Any CPU
		{670B7881-575A-4DA3-A1B6-A59341C06C1B}.Release|Any CPU.Build.0 = Release|Any CPU
	EndGlobalSection
	GlobalSection(SolutionProperties) = preSolution
		HideSolutionNode = FALSE
	EndGlobalSection
	GlobalSection(ExtensibilityGlobals) = postSolution
		SolutionGuid = {72DD2BCE-7690-415B-9AFB-39C0F9EA68EE}
	EndGlobalSection
EndGlobal
