
Microsoft Visual Studio Solution File, Format Version 12.00
# Visual Studio 15
VisualStudioVersion = 15.0.27130.2024
MinimumVisualStudioVersion = 10.0.40219.1
Project("{FAE04EC0-301F-11D3-BF4B-00C04F79EFBC}") = "SortIntCollection", "SortIntCollection.csproj", "{F4EF551D-C1AC-41DD-80FC-DF9270FC97CF}"
EndProject
Global
	GlobalSection(SolutionConfigurationPlatforms) = preSolution
		Debug|Any CPU = Debug|Any CPU
		Release|Any CPU = Release|Any CPU
	EndGlobalSection
	GlobalSection(ProjectConfigurationPlatforms) = postSolution
		{F4EF551D-C1AC-41DD-80FC-DF9270FC97CF}.Debug|Any CPU.ActiveCfg = Debug|Any CPU
		{F4EF551D-C1AC-41DD-80FC-DF9270FC97CF}.Debug|Any CPU.Build.0 = Debug|Any CPU
		{F4EF551D-C1AC-41DD-80FC-DF9270FC97CF}.Release|Any CPU.ActiveCfg = Release|Any CPU
		{F4EF551D-C1AC-41DD-80FC-DF9270FC97CF}.Release|Any CPU.Build.0 = Release|Any CPU
	EndGlobalSection
	GlobalSection(SolutionProperties) = preSolution
		HideSolutionNode = FALSE
	EndGlobalSection
	GlobalSection(ExtensibilityGlobals) = postSolution
		SolutionGuid = {DD927D07-A85D-4256-B5E0-F1DB9BC94889}
	EndGlobalSection
EndGlobal
